// !$*UTF8*$!
{
	archiveVersion = 1;
	classes = {
	};
	objectVersion = 56;
	objects = {

/* Begin PBXBuildFile section */
		2D69C50A2A414B8700CEFFFB /* APICaller.swift in Sources */ = {isa = PBXBuildFile; fileRef = 2D69C5092A414B8700CEFFFB /* APICaller.swift */; };
		2D69C50C2A4150D100CEFFFB /* Title.swift in Sources */ = {isa = PBXBuildFile; fileRef = 2D69C50B2A4150D100CEFFFB /* Title.swift */; };
		2D69C50E2A41548000CEFFFB /* Extensions.swift in Sources */ = {isa = PBXBuildFile; fileRef = 2D69C50D2A41548000CEFFFB /* Extensions.swift */; };
		2D69C5122A418B5000CEFFFB /* TitleCollectionViewCell.swift in Sources */ = {isa = PBXBuildFile; fileRef = 2D69C5112A418B5000CEFFFB /* TitleCollectionViewCell.swift */; };
		2D69C5152A418CBC00CEFFFB /* SDWebImage in Frameworks */ = {isa = PBXBuildFile; productRef = 2D69C5142A418CBC00CEFFFB /* SDWebImage */; };
		2D69C5172A418CBC00CEFFFB /* SDWebImageMapKit in Frameworks */ = {isa = PBXBuildFile; productRef = 2D69C5162A418CBC00CEFFFB /* SDWebImageMapKit */; };
		2D69C5192A41A3C500CEFFFB /* TitleTableViewCell.swift in Sources */ = {isa = PBXBuildFile; fileRef = 2D69C5182A41A3C500CEFFFB /* TitleTableViewCell.swift */; };
		2D69C51B2A41A66100CEFFFB /* TitleViewModel.swift in Sources */ = {isa = PBXBuildFile; fileRef = 2D69C51A2A41A66100CEFFFB /* TitleViewModel.swift */; };
		2D69C5212A42A39E00CEFFFB /* SplashViewController.swift in Sources */ = {isa = PBXBuildFile; fileRef = 2D69C5202A42A39E00CEFFFB /* SplashViewController.swift */; };
		2D69C5232A42E4B600CEFFFB /* SearchResultViewController.swift in Sources */ = {isa = PBXBuildFile; fileRef = 2D69C5222A42E4B600CEFFFB /* SearchResultViewController.swift */; };
		2D69C5272A42F44C00CEFFFB /* YoutubeSearchResult.swift in Sources */ = {isa = PBXBuildFile; fileRef = 2D69C5262A42F44C00CEFFFB /* YoutubeSearchResult.swift */; };
		2D69C5292A42FB6200CEFFFB /* TitlePreviewViewController.swift in Sources */ = {isa = PBXBuildFile; fileRef = 2D69C5282A42FB6200CEFFFB /* TitlePreviewViewController.swift */; };
		2D69C52B2A42FDC200CEFFFB /* TitlePreviewViewModel.swift in Sources */ = {isa = PBXBuildFile; fileRef = 2D69C52A2A42FDC200CEFFFB /* TitlePreviewViewModel.swift */; };
		2D74DE322A39AD5B001200AD /* AppDelegate.swift in Sources */ = {isa = PBXBuildFile; fileRef = 2D74DE312A39AD5B001200AD /* AppDelegate.swift */; };
		2D74DE342A39AD5B001200AD /* SceneDelegate.swift in Sources */ = {isa = PBXBuildFile; fileRef = 2D74DE332A39AD5B001200AD /* SceneDelegate.swift */; };
		2D74DE362A39AD5B001200AD /* MainTabBarViewController.swift in Sources */ = {isa = PBXBuildFile; fileRef = 2D74DE352A39AD5B001200AD /* MainTabBarViewController.swift */; };
		2D74DE3B2A39AD5C001200AD /* Assets.xcassets in Resources */ = {isa = PBXBuildFile; fileRef = 2D74DE3A2A39AD5C001200AD /* Assets.xcassets */; };
		2D74DE3E2A39AD5C001200AD /* LaunchScreen.storyboard in Resources */ = {isa = PBXBuildFile; fileRef = 2D74DE3C2A39AD5C001200AD /* LaunchScreen.storyboard */; };
		2D74DE472A39AF09001200AD /* HomeViewController.swift in Sources */ = {isa = PBXBuildFile; fileRef = 2D74DE462A39AF09001200AD /* HomeViewController.swift */; };
		2D74DE492A39AF31001200AD /* UpcomingViewController.swift in Sources */ = {isa = PBXBuildFile; fileRef = 2D74DE482A39AF31001200AD /* UpcomingViewController.swift */; };
		2D74DE4B2A39AF4C001200AD /* SearchViewController.swift in Sources */ = {isa = PBXBuildFile; fileRef = 2D74DE4A2A39AF4C001200AD /* SearchViewController.swift */; };
		2D74DE4D2A39AF6E001200AD /* DownloadsViewController.swift in Sources */ = {isa = PBXBuildFile; fileRef = 2D74DE4C2A39AF6E001200AD /* DownloadsViewController.swift */; };
		2D74DE542A39B8D1001200AD /* CollectionViewTableViewCell.swift in Sources */ = {isa = PBXBuildFile; fileRef = 2D74DE532A39B8D1001200AD /* CollectionViewTableViewCell.swift */; };
		2D8A15B32A3AB1A800E7F781 /* HeroHeaderUIView.swift in Sources */ = {isa = PBXBuildFile; fileRef = 2D8A15B22A3AB1A800E7F781 /* HeroHeaderUIView.swift */; };
/* End PBXBuildFile section */

/* Begin PBXFileReference section */
		2D69C5092A414B8700CEFFFB /* APICaller.swift */ = {isa = PBXFileReference; lastKnownFileType = sourcecode.swift; path = APICaller.swift; sourceTree = "<group>"; };
		2D69C50B2A4150D100CEFFFB /* Title.swift */ = {isa = PBXFileReference; lastKnownFileType = sourcecode.swift; path = Title.swift; sourceTree = "<group>"; };
		2D69C50D2A41548000CEFFFB /* Extensions.swift */ = {isa = PBXFileReference; lastKnownFileType = sourcecode.swift; path = Extensions.swift; sourceTree = "<group>"; };
		2D69C5112A418B5000CEFFFB /* TitleCollectionViewCell.swift */ = {isa = PBXFileReference; lastKnownFileType = sourcecode.swift; path = TitleCollectionViewCell.swift; sourceTree = "<group>"; };
		2D69C5182A41A3C500CEFFFB /* TitleTableViewCell.swift */ = {isa = PBXFileReference; lastKnownFileType = sourcecode.swift; path = TitleTableViewCell.swift; sourceTree = "<group>"; };
		2D69C51A2A41A66100CEFFFB /* TitleViewModel.swift */ = {isa = PBXFileReference; lastKnownFileType = sourcecode.swift; path = TitleViewModel.swift; sourceTree = "<group>"; };
		2D69C5202A42A39E00CEFFFB /* SplashViewController.swift */ = {isa = PBXFileReference; lastKnownFileType = sourcecode.swift; path = SplashViewController.swift; sourceTree = "<group>"; };
		2D69C5222A42E4B600CEFFFB /* SearchResultViewController.swift */ = {isa = PBXFileReference; lastKnownFileType = sourcecode.swift; path = SearchResultViewController.swift; sourceTree = "<group>"; };
		2D69C5262A42F44C00CEFFFB /* YoutubeSearchResult.swift */ = {isa = PBXFileReference; lastKnownFileType = sourcecode.swift; path = YoutubeSearchResult.swift; sourceTree = "<group>"; };
		2D69C5282A42FB6200CEFFFB /* TitlePreviewViewController.swift */ = {isa = PBXFileReference; lastKnownFileType = sourcecode.swift; path = TitlePreviewViewController.swift; sourceTree = "<group>"; };
		2D69C52A2A42FDC200CEFFFB /* TitlePreviewViewModel.swift */ = {isa = PBXFileReference; lastKnownFileType = sourcecode.swift; path = TitlePreviewViewModel.swift; sourceTree = "<group>"; };
		2D74DE2E2A39AD5B001200AD /* Netflix Clone.app */ = {isa = PBXFileReference; explicitFileType = wrapper.application; includeInIndex = 0; path = "Netflix Clone.app"; sourceTree = BUILT_PRODUCTS_DIR; };
		2D74DE312A39AD5B001200AD /* AppDelegate.swift */ = {isa = PBXFileReference; lastKnownFileType = sourcecode.swift; path = AppDelegate.swift; sourceTree = "<group>"; };
		2D74DE332A39AD5B001200AD /* SceneDelegate.swift */ = {isa = PBXFileReference; lastKnownFileType = sourcecode.swift; path = SceneDelegate.swift; sourceTree = "<group>"; };
		2D74DE352A39AD5B001200AD /* MainTabBarViewController.swift */ = {isa = PBXFileReference; lastKnownFileType = sourcecode.swift; path = MainTabBarViewController.swift; sourceTree = "<group>"; };
		2D74DE3A2A39AD5C001200AD /* Assets.xcassets */ = {isa = PBXFileReference; lastKnownFileType = folder.assetcatalog; path = Assets.xcassets; sourceTree = "<group>"; };
		2D74DE3D2A39AD5C001200AD /* Base */ = {isa = PBXFileReference; lastKnownFileType = file.storyboard; name = Base; path = Base.lproj/LaunchScreen.storyboard; sourceTree = "<group>"; };
		2D74DE3F2A39AD5C001200AD /* Info.plist */ = {isa = PBXFileReference; lastKnownFileType = text.plist.xml; path = Info.plist; sourceTree = "<group>"; };
		2D74DE462A39AF09001200AD /* HomeViewController.swift */ = {isa = PBXFileReference; lastKnownFileType = sourcecode.swift; path = HomeViewController.swift; sourceTree = "<group>"; };
		2D74DE482A39AF31001200AD /* UpcomingViewController.swift */ = {isa = PBXFileReference; lastKnownFileType = sourcecode.swift; path = UpcomingViewController.swift; sourceTree = "<group>"; };
		2D74DE4A2A39AF4C001200AD /* SearchViewController.swift */ = {isa = PBXFileReference; lastKnownFileType = sourcecode.swift; path = SearchViewController.swift; sourceTree = "<group>"; };
		2D74DE4C2A39AF6E001200AD /* DownloadsViewController.swift */ = {isa = PBXFileReference; lastKnownFileType = sourcecode.swift; path = DownloadsViewController.swift; sourceTree = "<group>"; };
		2D74DE532A39B8D1001200AD /* CollectionViewTableViewCell.swift */ = {isa = PBXFileReference; lastKnownFileType = sourcecode.swift; path = CollectionViewTableViewCell.swift; sourceTree = "<group>"; };
		2D8A15B22A3AB1A800E7F781 /* HeroHeaderUIView.swift */ = {isa = PBXFileReference; lastKnownFileType = sourcecode.swift; path = HeroHeaderUIView.swift; sourceTree = "<group>"; };
/* End PBXFileReference section */

/* Begin PBXFrameworksBuildPhase section */
		2D74DE2B2A39AD5B001200AD /* Frameworks */ = {
			isa = PBXFrameworksBuildPhase;
			buildActionMask = 2147483647;
			files = (
				2D69C5172A418CBC00CEFFFB /* SDWebImageMapKit in Frameworks */,
				2D69C5152A418CBC00CEFFFB /* SDWebImage in Frameworks */,
			);
			runOnlyForDeploymentPostprocessing = 0;
		};
/* End PBXFrameworksBuildPhase section */

/* Begin PBXGroup section */
		2D69C5242A42E4DD00CEFFFB /* Core */ = {
			isa = PBXGroup;
			children = (
				2D74DE462A39AF09001200AD /* HomeViewController.swift */,
				2D74DE482A39AF31001200AD /* UpcomingViewController.swift */,
				2D74DE4A2A39AF4C001200AD /* SearchViewController.swift */,
				2D74DE4C2A39AF6E001200AD /* DownloadsViewController.swift */,
			);
			path = Core;
			sourceTree = "<group>";
		};
		2D69C5252A42E4F200CEFFFB /* General */ = {
			isa = PBXGroup;
			children = (
				2D69C5222A42E4B600CEFFFB /* SearchResultViewController.swift */,
				2D69C5282A42FB6200CEFFFB /* TitlePreviewViewController.swift */,
			);
			path = General;
			sourceTree = "<group>";
		};
		2D74DE252A39AD5A001200AD = {
			isa = PBXGroup;
			children = (
				2D74DE302A39AD5B001200AD /* Netflix Clone */,
				2D74DE2F2A39AD5B001200AD /* Products */,
			);
			sourceTree = "<group>";
		};
		2D74DE2F2A39AD5B001200AD /* Products */ = {
			isa = PBXGroup;
			children = (
				2D74DE2E2A39AD5B001200AD /* Netflix Clone.app */,
			);
			name = Products;
			sourceTree = "<group>";
		};
		2D74DE302A39AD5B001200AD /* Netflix Clone */ = {
			isa = PBXGroup;
			children = (
				2D74DE522A39B88D001200AD /* Managers */,
				2D74DE512A39B87F001200AD /* Resources */,
				2D74DE502A39B863001200AD /* Models */,
				2D74DE4E2A39B852001200AD /* Views */,
				2D74DE4F2A39B85B001200AD /* ViewModels */,
				2D74DE452A39AEE4001200AD /* Controller */,
				2D74DE312A39AD5B001200AD /* AppDelegate.swift */,
				2D74DE332A39AD5B001200AD /* SceneDelegate.swift */,
				2D69C5202A42A39E00CEFFFB /* SplashViewController.swift */,
				2D74DE352A39AD5B001200AD /* MainTabBarViewController.swift */,
				2D74DE3A2A39AD5C001200AD /* Assets.xcassets */,
				2D74DE3C2A39AD5C001200AD /* LaunchScreen.storyboard */,
				2D74DE3F2A39AD5C001200AD /* Info.plist */,
			);
			path = "Netflix Clone";
			sourceTree = "<group>";
		};
		2D74DE452A39AEE4001200AD /* Controller */ = {
			isa = PBXGroup;
			children = (
				2D69C5252A42E4F200CEFFFB /* General */,
				2D69C5242A42E4DD00CEFFFB /* Core */,
			);
			path = Controller;
			sourceTree = "<group>";
		};
		2D74DE4E2A39B852001200AD /* Views */ = {
			isa = PBXGroup;
			children = (
				2D74DE532A39B8D1001200AD /* CollectionViewTableViewCell.swift */,
				2D8A15B22A3AB1A800E7F781 /* HeroHeaderUIView.swift */,
				2D69C5112A418B5000CEFFFB /* TitleCollectionViewCell.swift */,
				2D69C5182A41A3C500CEFFFB /* TitleTableViewCell.swift */,
			);
			path = Views;
			sourceTree = "<group>";
		};
		2D74DE4F2A39B85B001200AD /* ViewModels */ = {
			isa = PBXGroup;
			children = (
				2D69C51A2A41A66100CEFFFB /* TitleViewModel.swift */,
				2D69C52A2A42FDC200CEFFFB /* TitlePreviewViewModel.swift */,
			);
			path = ViewModels;
			sourceTree = "<group>";
		};
		2D74DE502A39B863001200AD /* Models */ = {
			isa = PBXGroup;
			children = (
				2D69C50B2A4150D100CEFFFB /* Title.swift */,
				2D69C5262A42F44C00CEFFFB /* YoutubeSearchResult.swift */,
			);
			path = Models;
			sourceTree = "<group>";
		};
		2D74DE512A39B87F001200AD /* Resources */ = {
			isa = PBXGroup;
			children = (
				2D69C50D2A41548000CEFFFB /* Extensions.swift */,
			);
			path = Resources;
			sourceTree = "<group>";
		};
		2D74DE522A39B88D001200AD /* Managers */ = {
			isa = PBXGroup;
			children = (
				2D69C5092A414B8700CEFFFB /* APICaller.swift */,
			);
			path = Managers;
			sourceTree = "<group>";
		};
/* End PBXGroup section */

/* Begin PBXNativeTarget section */
		2D74DE2D2A39AD5B001200AD /* Netflix Clone */ = {
			isa = PBXNativeTarget;
			buildConfigurationList = 2D74DE422A39AD5C001200AD /* Build configuration list for PBXNativeTarget "Netflix Clone" */;
			buildPhases = (
				2D74DE2A2A39AD5B001200AD /* Sources */,
				2D74DE2B2A39AD5B001200AD /* Frameworks */,
				2D74DE2C2A39AD5B001200AD /* Resources */,
			);
			buildRules = (
			);
			dependencies = (
			);
			name = "Netflix Clone";
			packageProductDependencies = (
				2D69C5142A418CBC00CEFFFB /* SDWebImage */,
				2D69C5162A418CBC00CEFFFB /* SDWebImageMapKit */,
			);
			productName = "Netflix Clone";
			productReference = 2D74DE2E2A39AD5B001200AD /* Netflix Clone.app */;
			productType = "com.apple.product-type.application";
		};
/* End PBXNativeTarget section */

/* Begin PBXProject section */
		2D74DE262A39AD5A001200AD /* Project object */ = {
			isa = PBXProject;
			attributes = {
				BuildIndependentTargetsInParallel = 1;
				LastSwiftUpdateCheck = 1420;
				LastUpgradeCheck = 1420;
				TargetAttributes = {
					2D74DE2D2A39AD5B001200AD = {
						CreatedOnToolsVersion = 14.2;
					};
				};
			};
			buildConfigurationList = 2D74DE292A39AD5A001200AD /* Build configuration list for PBXProject "Netflix Clone" */;
			compatibilityVersion = "Xcode 14.0";
			developmentRegion = en;
			hasScannedForEncodings = 0;
			knownRegions = (
				en,
				Base,
			);
			mainGroup = 2D74DE252A39AD5A001200AD;
			packageReferences = (
				2D69C5132A418CBC00CEFFFB /* XCRemoteSwiftPackageReference "SDWebImage" */,
			);
			productRefGroup = 2D74DE2F2A39AD5B001200AD /* Products */;
			projectDirPath = "";
			projectRoot = "";
			targets = (
				2D74DE2D2A39AD5B001200AD /* Netflix Clone */,
			);
		};
/* End PBXProject section */

/* Begin PBXResourcesBuildPhase section */
		2D74DE2C2A39AD5B001200AD /* Resources */ = {
			isa = PBXResourcesBuildPhase;
			buildActionMask = 2147483647;
			files = (
				2D74DE3E2A39AD5C001200AD /* LaunchScreen.storyboard in Resources */,
				2D74DE3B2A39AD5C001200AD /* Assets.xcassets in Resources */,
			);
			runOnlyForDeploymentPostprocessing = 0;
		};
/* End PBXResourcesBuildPhase section */

/* Begin PBXSourcesBuildPhase section */
		2D74DE2A2A39AD5B001200AD /* Sources */ = {
			isa = PBXSourcesBuildPhase;
			buildActionMask = 2147483647;
			files = (
				2D69C5192A41A3C500CEFFFB /* TitleTableViewCell.swift in Sources */,
				2D74DE4B2A39AF4C001200AD /* SearchViewController.swift in Sources */,
				2D69C5122A418B5000CEFFFB /* TitleCollectionViewCell.swift in Sources */,
				2D74DE362A39AD5B001200AD /* MainTabBarViewController.swift in Sources */,
				2D74DE542A39B8D1001200AD /* CollectionViewTableViewCell.swift in Sources */,
				2D69C50A2A414B8700CEFFFB /* APICaller.swift in Sources */,
				2D8A15B32A3AB1A800E7F781 /* HeroHeaderUIView.swift in Sources */,
				2D74DE4D2A39AF6E001200AD /* DownloadsViewController.swift in Sources */,
				2D74DE322A39AD5B001200AD /* AppDelegate.swift in Sources */,
				2D69C5292A42FB6200CEFFFB /* TitlePreviewViewController.swift in Sources */,
				2D69C50E2A41548000CEFFFB /* Extensions.swift in Sources */,
				2D69C5272A42F44C00CEFFFB /* YoutubeSearchResult.swift in Sources */,
				2D74DE342A39AD5B001200AD /* SceneDelegate.swift in Sources */,
				2D74DE492A39AF31001200AD /* UpcomingViewController.swift in Sources */,
				2D69C50C2A4150D100CEFFFB /* Title.swift in Sources */,
				2D69C5232A42E4B600CEFFFB /* SearchResultViewController.swift in Sources */,
				2D74DE472A39AF09001200AD /* HomeViewController.swift in Sources */,
				2D69C51B2A41A66100CEFFFB /* TitleViewModel.swift in Sources */,
				2D69C52B2A42FDC200CEFFFB /* TitlePreviewViewModel.swift in Sources */,
				2D69C5212A42A39E00CEFFFB /* SplashViewController.swift in Sources */,
			);
			runOnlyForDeploymentPostprocessing = 0;
		};
/* End PBXSourcesBuildPhase section */

/* Begin PBXVariantGroup section */
		2D74DE3C2A39AD5C001200AD /* LaunchScreen.storyboard */ = {
			isa = PBXVariantGroup;
			children = (
				2D74DE3D2A39AD5C001200AD /* Base */,
			);
			name = LaunchScreen.storyboard;
			sourceTree = "<group>";
		};
/* End PBXVariantGroup section */

/* Begin XCBuildConfiguration section */
		2D74DE402A39AD5C001200AD /* Debug */ = {
			isa = XCBuildConfiguration;
			buildSettings = {
				ALWAYS_SEARCH_USER_PATHS = NO;
				CLANG_ANALYZER_NONNULL = YES;
				CLANG_ANALYZER_NUMBER_OBJECT_CONVERSION = YES_AGGRESSIVE;
				CLANG_CXX_LANGUAGE_STANDARD = "gnu++20";
				CLANG_ENABLE_MODULES = YES;
				CLANG_ENABLE_OBJC_ARC = YES;
				CLANG_ENABLE_OBJC_WEAK = YES;
				CLANG_WARN_BLOCK_CAPTURE_AUTORELEASING = YES;
				CLANG_WARN_BOOL_CONVERSION = YES;
				CLANG_WARN_COMMA = YES;
				CLANG_WARN_CONSTANT_CONVERSION = YES;
				CLANG_WARN_DEPRECATED_OBJC_IMPLEMENTATIONS = YES;
				CLANG_WARN_DIRECT_OBJC_ISA_USAGE = YES_ERROR;
				CLANG_WARN_DOCUMENTATION_COMMENTS = YES;
				CLANG_WARN_EMPTY_BODY = YES;
				CLANG_WARN_ENUM_CONVERSION = YES;
				CLANG_WARN_INFINITE_RECURSION = YES;
				CLANG_WARN_INT_CONVERSION = YES;
				CLANG_WARN_NON_LITERAL_NULL_CONVERSION = YES;
				CLANG_WARN_OBJC_IMPLICIT_RETAIN_SELF = YES;
				CLANG_WARN_OBJC_LITERAL_CONVERSION = YES;
				CLANG_WARN_OBJC_ROOT_CLASS = YES_ERROR;
				CLANG_WARN_QUOTED_INCLUDE_IN_FRAMEWORK_HEADER = YES;
				CLANG_WARN_RANGE_LOOP_ANALYSIS = YES;
				CLANG_WARN_STRICT_PROTOTYPES = YES;
				CLANG_WARN_SUSPICIOUS_MOVE = YES;
				CLANG_WARN_UNGUARDED_AVAILABILITY = YES_AGGRESSIVE;
				CLANG_WARN_UNREACHABLE_CODE = YES;
				CLANG_WARN__DUPLICATE_METHOD_MATCH = YES;
				COPY_PHASE_STRIP = NO;
				DEBUG_INFORMATION_FORMAT = dwarf;
				ENABLE_STRICT_OBJC_MSGSEND = YES;
				ENABLE_TESTABILITY = YES;
				GCC_C_LANGUAGE_STANDARD = gnu11;
				GCC_DYNAMIC_NO_PIC = NO;
				GCC_NO_COMMON_BLOCKS = YES;
				GCC_OPTIMIZATION_LEVEL = 0;
				GCC_PREPROCESSOR_DEFINITIONS = (
					"DEBUG=1",
					"$(inherited)",
				);
				GCC_WARN_64_TO_32_BIT_CONVERSION = YES;
				GCC_WARN_ABOUT_RETURN_TYPE = YES_ERROR;
				GCC_WARN_UNDECLARED_SELECTOR = YES;
				GCC_WARN_UNINITIALIZED_AUTOS = YES_AGGRESSIVE;
				GCC_WARN_UNUSED_FUNCTION = YES;
				GCC_WARN_UNUSED_VARIABLE = YES;
				IPHONEOS_DEPLOYMENT_TARGET = 16.2;
				MTL_ENABLE_DEBUG_INFO = INCLUDE_SOURCE;
				MTL_FAST_MATH = YES;
				ONLY_ACTIVE_ARCH = YES;
				SDKROOT = iphoneos;
				SWIFT_ACTIVE_COMPILATION_CONDITIONS = DEBUG;
				SWIFT_OPTIMIZATION_LEVEL = "-Onone";
			};
			name = Debug;
		};
		2D74DE412A39AD5C001200AD /* Release */ = {
			isa = XCBuildConfiguration;
			buildSettings = {
				ALWAYS_SEARCH_USER_PATHS = NO;
				CLANG_ANALYZER_NONNULL = YES;
				CLANG_ANALYZER_NUMBER_OBJECT_CONVERSION = YES_AGGRESSIVE;
				CLANG_CXX_LANGUAGE_STANDARD = "gnu++20";
				CLANG_ENABLE_MODULES = YES;
				CLANG_ENABLE_OBJC_ARC = YES;
				CLANG_ENABLE_OBJC_WEAK = YES;
				CLANG_WARN_BLOCK_CAPTURE_AUTORELEASING = YES;
				CLANG_WARN_BOOL_CONVERSION = YES;
				CLANG_WARN_COMMA = YES;
				CLANG_WARN_CONSTANT_CONVERSION = YES;
				CLANG_WARN_DEPRECATED_OBJC_IMPLEMENTATIONS = YES;
				CLANG_WARN_DIRECT_OBJC_ISA_USAGE = YES_ERROR;
				CLANG_WARN_DOCUMENTATION_COMMENTS = YES;
				CLANG_WARN_EMPTY_BODY = YES;
				CLANG_WARN_ENUM_CONVERSION = YES;
				CLANG_WARN_INFINITE_RECURSION = YES;
				CLANG_WARN_INT_CONVERSION = YES;
				CLANG_WARN_NON_LITERAL_NULL_CONVERSION = YES;
				CLANG_WARN_OBJC_IMPLICIT_RETAIN_SELF = YES;
				CLANG_WARN_OBJC_LITERAL_CONVERSION = YES;
				CLANG_WARN_OBJC_ROOT_CLASS = YES_ERROR;
				CLANG_WARN_QUOTED_INCLUDE_IN_FRAMEWORK_HEADER = YES;
				CLANG_WARN_RANGE_LOOP_ANALYSIS = YES;
				CLANG_WARN_STRICT_PROTOTYPES = YES;
				CLANG_WARN_SUSPICIOUS_MOVE = YES;
				CLANG_WARN_UNGUARDED_AVAILABILITY = YES_AGGRESSIVE;
				CLANG_WARN_UNREACHABLE_CODE = YES;
				CLANG_WARN__DUPLICATE_METHOD_MATCH = YES;
				COPY_PHASE_STRIP = NO;
				DEBUG_INFORMATION_FORMAT = "dwarf-with-dsym";
				ENABLE_NS_ASSERTIONS = NO;
				ENABLE_STRICT_OBJC_MSGSEND = YES;
				GCC_C_LANGUAGE_STANDARD = gnu11;
				GCC_NO_COMMON_BLOCKS = YES;
				GCC_WARN_64_TO_32_BIT_CONVERSION = YES;
				GCC_WARN_ABOUT_RETURN_TYPE = YES_ERROR;
				GCC_WARN_UNDECLARED_SELECTOR = YES;
				GCC_WARN_UNINITIALIZED_AUTOS = YES_AGGRESSIVE;
				GCC_WARN_UNUSED_FUNCTION = YES;
				GCC_WARN_UNUSED_VARIABLE = YES;
				IPHONEOS_DEPLOYMENT_TARGET = 16.2;
				MTL_ENABLE_DEBUG_INFO = NO;
				MTL_FAST_MATH = YES;
				SDKROOT = iphoneos;
				SWIFT_COMPILATION_MODE = wholemodule;
				SWIFT_OPTIMIZATION_LEVEL = "-O";
				VALIDATE_PRODUCT = YES;
			};
			name = Release;
		};
		2D74DE432A39AD5C001200AD /* Debug */ = {
			isa = XCBuildConfiguration;
			buildSettings = {
				ASSETCATALOG_COMPILER_APPICON_NAME = AppIcon;
				ASSETCATALOG_COMPILER_GLOBAL_ACCENT_COLOR_NAME = AccentColor;
				CODE_SIGN_STYLE = Automatic;
				CURRENT_PROJECT_VERSION = 1;
				DEVELOPMENT_TEAM = C2THS3SJZZ;
				GENERATE_INFOPLIST_FILE = YES;
				INFOPLIST_FILE = "Netflix Clone/Info.plist";
				INFOPLIST_KEY_UIApplicationSupportsIndirectInputEvents = YES;
				INFOPLIST_KEY_UILaunchStoryboardName = LaunchScreen;
				INFOPLIST_KEY_UISupportedInterfaceOrientations_iPad = "UIInterfaceOrientationPortrait UIInterfaceOrientationPortraitUpsideDown UIInterfaceOrientationLandscapeLeft UIInterfaceOrientationLandscapeRight";
				INFOPLIST_KEY_UISupportedInterfaceOrientations_iPhone = "UIInterfaceOrientationPortrait UIInterfaceOrientationLandscapeLeft UIInterfaceOrientationLandscapeRight";
				LD_RUNPATH_SEARCH_PATHS = (
					"$(inherited)",
					"@executable_path/Frameworks",
				);
				MARKETING_VERSION = 1.0;
				PRODUCT_BUNDLE_IDENTIFIER = "test.Netflix-Clone";
				PRODUCT_NAME = "$(TARGET_NAME)";
				SWIFT_EMIT_LOC_STRINGS = YES;
				SWIFT_VERSION = 5.0;
				TARGETED_DEVICE_FAMILY = "1,2";
			};
			name = Debug;
		};
		2D74DE442A39AD5C001200AD /* Release */ = {
			isa = XCBuildConfiguration;
			buildSettings = {
				ASSETCATALOG_COMPILER_APPICON_NAME = AppIcon;
				ASSETCATALOG_COMPILER_GLOBAL_ACCENT_COLOR_NAME = AccentColor;
				CODE_SIGN_STYLE = Automatic;
				CURRENT_PROJECT_VERSION = 1;
				DEVELOPMENT_TEAM = C2THS3SJZZ;
				GENERATE_INFOPLIST_FILE = YES;
				INFOPLIST_FILE = "Netflix Clone/Info.plist";
				INFOPLIST_KEY_UIApplicationSupportsIndirectInputEvents = YES;
				INFOPLIST_KEY_UILaunchStoryboardName = LaunchScreen;
				INFOPLIST_KEY_UISupportedInterfaceOrientations_iPad = "UIInterfaceOrientationPortrait UIInterfaceOrientationPortraitUpsideDown UIInterfaceOrientationLandscapeLeft UIInterfaceOrientationLandscapeRight";
				INFOPLIST_KEY_UISupportedInterfaceOrientations_iPhone = "UIInterfaceOrientationPortrait UIInterfaceOrientationLandscapeLeft UIInterfaceOrientationLandscapeRight";
				LD_RUNPATH_SEARCH_PATHS = (
					"$(inherited)",
					"@executable_path/Frameworks",
				);
				MARKETING_VERSION = 1.0;
				PRODUCT_BUNDLE_IDENTIFIER = "test.Netflix-Clone";
				PRODUCT_NAME = "$(TARGET_NAME)";
				SWIFT_EMIT_LOC_STRINGS = YES;
				SWIFT_VERSION = 5.0;
				TARGETED_DEVICE_FAMILY = "1,2";
			};
			name = Release;
		};
/* End XCBuildConfiguration section */

/* Begin XCConfigurationList section */
		2D74DE292A39AD5A001200AD /* Build configuration list for PBXProject "Netflix Clone" */ = {
			isa = XCConfigurationList;
			buildConfigurations = (
				2D74DE402A39AD5C001200AD /* Debug */,
				2D74DE412A39AD5C001200AD /* Release */,
			);
			defaultConfigurationIsVisible = 0;
			defaultConfigurationName = Release;
		};
		2D74DE422A39AD5C001200AD /* Build configuration list for PBXNativeTarget "Netflix Clone" */ = {
			isa = XCConfigurationList;
			buildConfigurations = (
				2D74DE432A39AD5C001200AD /* Debug */,
				2D74DE442A39AD5C001200AD /* Release */,
			);
			defaultConfigurationIsVisible = 0;
			defaultConfigurationName = Release;
		};
/* End XCConfigurationList section */

/* Begin XCRemoteSwiftPackageReference section */
		2D69C5132A418CBC00CEFFFB /* XCRemoteSwiftPackageReference "SDWebImage" */ = {
			isa = XCRemoteSwiftPackageReference;
			repositoryURL = "https://github.com/SDWebImage/SDWebImage.git";
			requirement = {
				kind = upToNextMajorVersion;
				minimumVersion = 5.0.0;
			};
		};
/* End XCRemoteSwiftPackageReference section */

/* Begin XCSwiftPackageProductDependency section */
		2D69C5142A418CBC00CEFFFB /* SDWebImage */ = {
			isa = XCSwiftPackageProductDependency;
			package = 2D69C5132A418CBC00CEFFFB /* XCRemoteSwiftPackageReference "SDWebImage" */;
			productName = SDWebImage;
		};
		2D69C5162A418CBC00CEFFFB /* SDWebImageMapKit */ = {
			isa = XCSwiftPackageProductDependency;
			package = 2D69C5132A418CBC00CEFFFB /* XCRemoteSwiftPackageReference "SDWebImage" */;
			productName = SDWebImageMapKit;
		};
/* End XCSwiftPackageProductDependency section */
	};
	rootObject = 2D74DE262A39AD5A001200AD /* Project object */;
}
